{
  "name": "@outsourced-br/vttpress",
  "version": "0.1.0",
  "lockfileVersion": 3,
  "requires": true,
  "packages": {
    "": {
      "name": "@outsourced-br/vttpress",
      "version": "0.1.0",
      "license": "MIT",
      "bin": {
        "vttpress": "bin/vttpress.js"
      },
      "engines": {
        "node": ">=18"
      }
    }
  }
}
